hash: e6caad127ac32b37d856ab73b0886bcf475f8dff131da2929f9a729eafc39795
updated: 2017-04-08T00:13:36.257782384+02:00
imports:
- name: github.com/evalphobia/logrus_fluent
  version: 86bb83d119886b935a52194cad48fd01815b0125
- name: github.com/golang/protobuf
  version: 69b215d01a5606c843240eab4937eab3acee6530
  subpackages:
  - jsonpb
  - proto
  - protoc-gen-go/descriptor
- name: github.com/google/protobuf
  version: b50c9ec1223895973d0e2fa6b6cb74ec3c8f3ce8
- name: github.com/googleapis/googleapis
  version: ad6306e2486ad8acd030748306f774cc8b68e4bc
- name: github.com/grpc-ecosystem/grpc-gateway
  version: 18d159699f2e83fc5bb9ef2f79465ca3f3122676
  subpackages:
  - runtime
  - runtime/internal
  - utilities
- name: github.com/kelseyhightower/envconfig
  version: f611eb38b3875cc3bd991ca91c51d06446afa14c
- name: github.com/rs/cors
  version: a62a804a8a009876ca59105f7899938a1349f4b3
- name: github.com/rs/xhandler
  version: ed27b6fd65218132ee50cd95f38474a3d8a2cd12
- name: github.com/sagikazarmark/healthz
  version: 53d84ee314bb0f042a6d5c2fb65bab4301686dcf
- name: github.com/sagikazarmark/serverz
  version: 6795311fdd32a52d3decca847d2ae602e66af310
- name: github.com/Sirupsen/logrus
  version: ba1b36c82c5e05c4f912a88eab0dcd91a171688f
- name: golang.org/x/net
  version: 61557ac0112b576429a0df080e1c2cef5dfbb642
  subpackages:
  - context
  - http2
  - http2/hpack
  - idna
  - internal/timeseries
  - lex/httplex
  - trace
- name: golang.org/x/sys
  version: e24f485414aeafb646f6fca458b0bf869c0880a1
  subpackages:
  - unix
- name: google.golang.org/genproto
  version: de9f5e90fe9b278809363f08c2072d2f2a429de7
  subpackages:
  - googleapis/api/annotations
- name: google.golang.org/grpc
  version: 8050b9cbc271307e5a716a9d782803d09b0d6f2d
  subpackages:
  - codes
  - credentials
  - grpclog
  - internal
  - keepalive
  - metadata
  - naming
  - peer
  - stats
  - tap
  - transport
testImports: []
